// !$*UTF8*$!
{
	archiveVersion = 1;
	classes = {
	};
	objectVersion = 55;
	objects = {

/* Begin PBXBuildFile section */
		8CF4CF8928627CE80000A5F6 /* DevoteApp.swift in Sources */ = {isa = PBXBuildFile; fileRef = 8CF4CF8828627CE80000A5F6 /* DevoteApp.swift */; };
		8CF4CF8B28627CE80000A5F6 /* ContentView.swift in Sources */ = {isa = PBXBuildFile; fileRef = 8CF4CF8A28627CE80000A5F6 /* ContentView.swift */; };
		8CF4CF8D28627CEA0000A5F6 /* Assets.xcassets in Resources */ = {isa = PBXBuildFile; fileRef = 8CF4CF8C28627CEA0000A5F6 /* Assets.xcassets */; };
		8CF4CF9028627CEA0000A5F6 /* Preview Assets.xcassets in Resources */ = {isa = PBXBuildFile; fileRef = 8CF4CF8F28627CEA0000A5F6 /* Preview Assets.xcassets */; };
		8CF4CF9228627CEA0000A5F6 /* Persistence.swift in Sources */ = {isa = PBXBuildFile; fileRef = 8CF4CF9128627CEA0000A5F6 /* Persistence.swift */; };
		8CF4CF9528627CEA0000A5F6 /* Devote.xcdatamodeld in Sources */ = {isa = PBXBuildFile; fileRef = 8CF4CF9328627CEA0000A5F6 /* Devote.xcdatamodeld */; };
		8CF4CF9E2862A80D0000A5F6 /* sound-tap.mp3 in Resources */ = {isa = PBXBuildFile; fileRef = 8CF4CF9B2862A80D0000A5F6 /* sound-tap.mp3 */; };
		8CF4CF9F2862A80D0000A5F6 /* sound-rise.mp3 in Resources */ = {isa = PBXBuildFile; fileRef = 8CF4CF9C2862A80D0000A5F6 /* sound-rise.mp3 */; };
		8CF4CFA02862A80D0000A5F6 /* sound-ding.mp3 in Resources */ = {isa = PBXBuildFile; fileRef = 8CF4CF9D2862A80D0000A5F6 /* sound-ding.mp3 */; };
		8CF4CFAF2862B0150000A5F6 /* Constant.swift in Sources */ = {isa = PBXBuildFile; fileRef = 8CF4CFAE2862B0150000A5F6 /* Constant.swift */; };
/* End PBXBuildFile section */

/* Begin PBXFileReference section */
		8CF4CF8528627CE80000A5F6 /* Devote.app */ = {isa = PBXFileReference; explicitFileType = wrapper.application; includeInIndex = 0; path = Devote.app; sourceTree = BUILT_PRODUCTS_DIR; };
		8CF4CF8828627CE80000A5F6 /* DevoteApp.swift */ = {isa = PBXFileReference; lastKnownFileType = sourcecode.swift; path = DevoteApp.swift; sourceTree = "<group>"; };
		8CF4CF8A28627CE80000A5F6 /* ContentView.swift */ = {isa = PBXFileReference; lastKnownFileType = sourcecode.swift; path = ContentView.swift; sourceTree = "<group>"; };
		8CF4CF8C28627CEA0000A5F6 /* Assets.xcassets */ = {isa = PBXFileReference; lastKnownFileType = folder.assetcatalog; path = Assets.xcassets; sourceTree = "<group>"; };
		8CF4CF8F28627CEA0000A5F6 /* Preview Assets.xcassets */ = {isa = PBXFileReference; lastKnownFileType = folder.assetcatalog; path = "Preview Assets.xcassets"; sourceTree = "<group>"; };
		8CF4CF9128627CEA0000A5F6 /* Persistence.swift */ = {isa = PBXFileReference; lastKnownFileType = sourcecode.swift; path = Persistence.swift; sourceTree = "<group>"; };
		8CF4CF9428627CEA0000A5F6 /* Devote.xcdatamodel */ = {isa = PBXFileReference; lastKnownFileType = wrapper.xcdatamodel; path = Devote.xcdatamodel; sourceTree = "<group>"; };
		8CF4CF9B2862A80D0000A5F6 /* sound-tap.mp3 */ = {isa = PBXFileReference; lastKnownFileType = audio.mp3; path = "sound-tap.mp3"; sourceTree = "<group>"; };
		8CF4CF9C2862A80D0000A5F6 /* sound-rise.mp3 */ = {isa = PBXFileReference; lastKnownFileType = audio.mp3; path = "sound-rise.mp3"; sourceTree = "<group>"; };
		8CF4CF9D2862A80D0000A5F6 /* sound-ding.mp3 */ = {isa = PBXFileReference; lastKnownFileType = audio.mp3; path = "sound-ding.mp3"; sourceTree = "<group>"; };
		8CF4CFA92862A9300000A5F6 /* Info.plist */ = {isa = PBXFileReference; lastKnownFileType = text.plist; path = Info.plist; sourceTree = "<group>"; };
		8CF4CFAE2862B0150000A5F6 /* Constant.swift */ = {isa = PBXFileReference; lastKnownFileType = sourcecode.swift; path = Constant.swift; sourceTree = "<group>"; };
/* End PBXFileReference section */

/* Begin PBXFrameworksBuildPhase section */
		8CF4CF8228627CE80000A5F6 /* Frameworks */ = {
			isa = PBXFrameworksBuildPhase;
			buildActionMask = 2147483647;
			files = (
			);
			runOnlyForDeploymentPostprocessing = 0;
		};
/* End PBXFrameworksBuildPhase section */

/* Begin PBXGroup section */
		8CF4CF7C28627CE80000A5F6 = {
			isa = PBXGroup;
			children = (
				8CF4CF8728627CE80000A5F6 /* Devote */,
				8CF4CF8628627CE80000A5F6 /* Products */,
			);
			sourceTree = "<group>";
		};
		8CF4CF8628627CE80000A5F6 /* Products */ = {
			isa = PBXGroup;
			children = (
				8CF4CF8528627CE80000A5F6 /* Devote.app */,
			);
			name = Products;
			sourceTree = "<group>";
		};
		8CF4CF8728627CE80000A5F6 /* Devote */ = {
			isa = PBXGroup;
			children = (
				8CF4CFA92862A9300000A5F6 /* Info.plist */,
				8CF4CFA82862A8FB0000A5F6 /* Style */,
				8CF4CFA52862A8BE0000A5F6 /* Utility */,
				8CF4CFA42862A8B50000A5F6 /* Extension */,
				8CF4CFA12862A8780000A5F6 /* Sound */,
				8CF4CF8828627CE80000A5F6 /* DevoteApp.swift */,
				8CF4CFA22862A8820000A5F6 /* View */,
				8CF4CF8C28627CEA0000A5F6 /* Assets.xcassets */,
				8CF4CFA72862A8EE0000A5F6 /* Model */,
				8CF4CF8E28627CEA0000A5F6 /* Preview Content */,
			);
			path = Devote;
			sourceTree = "<group>";
		};
		8CF4CF8E28627CEA0000A5F6 /* Preview Content */ = {
			isa = PBXGroup;
			children = (
				8CF4CF8F28627CEA0000A5F6 /* Preview Assets.xcassets */,
			);
			path = "Preview Content";
			sourceTree = "<group>";
		};
		8CF4CFA12862A8780000A5F6 /* Sound */ = {
			isa = PBXGroup;
			children = (
				8CF4CF9D2862A80D0000A5F6 /* sound-ding.mp3 */,
				8CF4CF9C2862A80D0000A5F6 /* sound-rise.mp3 */,
				8CF4CF9B2862A80D0000A5F6 /* sound-tap.mp3 */,
			);
			path = Sound;
			sourceTree = "<group>";
		};
		8CF4CFA22862A8820000A5F6 /* View */ = {
			isa = PBXGroup;
			children = (
				8CF4CF8A28627CE80000A5F6 /* ContentView.swift */,
			);
			path = View;
			sourceTree = "<group>";
		};
		8CF4CFA42862A8B50000A5F6 /* Extension */ = {
			isa = PBXGroup;
			children = (
			);
			path = Extension;
			sourceTree = "<group>";
		};
		8CF4CFA52862A8BE0000A5F6 /* Utility */ = {
			isa = PBXGroup;
			children = (
				8CF4CFAE2862B0150000A5F6 /* Constant.swift */,
			);
			path = Utility;
			sourceTree = "<group>";
		};
		8CF4CFA72862A8EE0000A5F6 /* Model */ = {
			isa = PBXGroup;
			children = (
				8CF4CF9128627CEA0000A5F6 /* Persistence.swift */,
				8CF4CF9328627CEA0000A5F6 /* Devote.xcdatamodeld */,
			);
			path = Model;
			sourceTree = "<group>";
		};
		8CF4CFA82862A8FB0000A5F6 /* Style */ = {
			isa = PBXGroup;
			children = (
			);
			path = Style;
			sourceTree = "<group>";
		};
/* End PBXGroup section */

/* Begin PBXNativeTarget section */
		8CF4CF8428627CE80000A5F6 /* Devote */ = {
			isa = PBXNativeTarget;
			buildConfigurationList = 8CF4CF9828627CEA0000A5F6 /* Build configuration list for PBXNativeTarget "Devote" */;
			buildPhases = (
				8CF4CF8128627CE80000A5F6 /* Sources */,
				8CF4CF8228627CE80000A5F6 /* Frameworks */,
				8CF4CF8328627CE80000A5F6 /* Resources */,
			);
			buildRules = (
			);
			dependencies = (
			);
			name = Devote;
			productName = Devote;
			productReference = 8CF4CF8528627CE80000A5F6 /* Devote.app */;
			productType = "com.apple.product-type.application";
		};
/* End PBXNativeTarget section */

/* Begin PBXProject section */
		8CF4CF7D28627CE80000A5F6 /* Project object */ = {
			isa = PBXProject;
			attributes = {
				BuildIndependentTargetsInParallel = 1;
				LastSwiftUpdateCheck = 1340;
				LastUpgradeCheck = 1340;
				TargetAttributes = {
					8CF4CF8428627CE80000A5F6 = {
						CreatedOnToolsVersion = 13.4.1;
					};
				};
			};
			buildConfigurationList = 8CF4CF8028627CE80000A5F6 /* Build configuration list for PBXProject "Devote" */;
			compatibilityVersion = "Xcode 13.0";
			developmentRegion = en;
			hasScannedForEncodings = 0;
			knownRegions = (
				en,
				Base,
			);
			mainGroup = 8CF4CF7C28627CE80000A5F6;
			productRefGroup = 8CF4CF8628627CE80000A5F6 /* Products */;
			projectDirPath = "";
			projectRoot = "";
			targets = (
				8CF4CF8428627CE80000A5F6 /* Devote */,
			);
		};
/* End PBXProject section */

/* Begin PBXResourcesBuildPhase section */
		8CF4CF8328627CE80000A5F6 /* Resources */ = {
			isa = PBXResourcesBuildPhase;
			buildActionMask = 2147483647;
			files = (
				8CF4CFA02862A80D0000A5F6 /* sound-ding.mp3 in Resources */,
				8CF4CF9E2862A80D0000A5F6 /* sound-tap.mp3 in Resources */,
				8CF4CF9F2862A80D0000A5F6 /* sound-rise.mp3 in Resources */,
				8CF4CF9028627CEA0000A5F6 /* Preview Assets.xcassets in Resources */,
				8CF4CF8D28627CEA0000A5F6 /* Assets.xcassets in Resources */,
			);
			runOnlyForDeploymentPostprocessing = 0;
		};
/* End PBXResourcesBuildPhase section */

/* Begin PBXSourcesBuildPhase section */
		8CF4CF8128627CE80000A5F6 /* Sources */ = {
			isa = PBXSourcesBuildPhase;
			buildActionMask = 2147483647;
			files = (
				8CF4CF9228627CEA0000A5F6 /* Persistence.swift in Sources */,
				8CF4CF8B28627CE80000A5F6 /* ContentView.swift in Sources */,
				8CF4CFAF2862B0150000A5F6 /* Constant.swift in Sources */,
				8CF4CF9528627CEA0000A5F6 /* Devote.xcdatamodeld in Sources */,
				8CF4CF8928627CE80000A5F6 /* DevoteApp.swift in Sources */,
			);
			runOnlyForDeploymentPostprocessing = 0;
		};
/* End PBXSourcesBuildPhase section */

/* Begin XCBuildConfiguration section */
		8CF4CF9628627CEA0000A5F6 /* Debug */ = {
			isa = XCBuildConfiguration;
			buildSettings = {
				ALWAYS_SEARCH_USER_PATHS = NO;
				CLANG_ANALYZER_NONNULL = YES;
				CLANG_ANALYZER_NUMBER_OBJECT_CONVERSION = YES_AGGRESSIVE;
				CLANG_CXX_LANGUAGE_STANDARD = "gnu++17";
				CLANG_ENABLE_MODULES = YES;
				CLANG_ENABLE_OBJC_ARC = YES;
				CLANG_ENABLE_OBJC_WEAK = YES;
				CLANG_WARN_BLOCK_CAPTURE_AUTORELEASING = YES;
				CLANG_WARN_BOOL_CONVERSION = YES;
				CLANG_WARN_COMMA = YES;
				CLANG_WARN_CONSTANT_CONVERSION = YES;
				CLANG_WARN_DEPRECATED_OBJC_IMPLEMENTATIONS = YES;
				CLANG_WARN_DIRECT_OBJC_ISA_USAGE = YES_ERROR;
				CLANG_WARN_DOCUMENTATION_COMMENTS = YES;
				CLANG_WARN_EMPTY_BODY = YES;
				CLANG_WARN_ENUM_CONVERSION = YES;
				CLANG_WARN_INFINITE_RECURSION = YES;
				CLANG_WARN_INT_CONVERSION = YES;
				CLANG_WARN_NON_LITERAL_NULL_CONVERSION = YES;
				CLANG_WARN_OBJC_IMPLICIT_RETAIN_SELF = YES;
				CLANG_WARN_OBJC_LITERAL_CONVERSION = YES;
				CLANG_WARN_OBJC_ROOT_CLASS = YES_ERROR;
				CLANG_WARN_QUOTED_INCLUDE_IN_FRAMEWORK_HEADER = YES;
				CLANG_WARN_RANGE_LOOP_ANALYSIS = YES;
				CLANG_WARN_STRICT_PROTOTYPES = YES;
				CLANG_WARN_SUSPICIOUS_MOVE = YES;
				CLANG_WARN_UNGUARDED_AVAILABILITY = YES_AGGRESSIVE;
				CLANG_WARN_UNREACHABLE_CODE = YES;
				CLANG_WARN__DUPLICATE_METHOD_MATCH = YES;
				COPY_PHASE_STRIP = NO;
				DEBUG_INFORMATION_FORMAT = dwarf;
				ENABLE_STRICT_OBJC_MSGSEND = YES;
				ENABLE_TESTABILITY = YES;
				GCC_C_LANGUAGE_STANDARD = gnu11;
				GCC_DYNAMIC_NO_PIC = NO;
				GCC_NO_COMMON_BLOCKS = YES;
				GCC_OPTIMIZATION_LEVEL = 0;
				GCC_PREPROCESSOR_DEFINITIONS = (
					"DEBUG=1",
					"$(inherited)",
				);
				GCC_WARN_64_TO_32_BIT_CONVERSION = YES;
				GCC_WARN_ABOUT_RETURN_TYPE = YES_ERROR;
				GCC_WARN_UNDECLARED_SELECTOR = YES;
				GCC_WARN_UNINITIALIZED_AUTOS = YES_AGGRESSIVE;
				GCC_WARN_UNUSED_FUNCTION = YES;
				GCC_WARN_UNUSED_VARIABLE = YES;
				IPHONEOS_DEPLOYMENT_TARGET = 15.5;
				MTL_ENABLE_DEBUG_INFO = INCLUDE_SOURCE;
				MTL_FAST_MATH = YES;
				ONLY_ACTIVE_ARCH = YES;
				SDKROOT = iphoneos;
				SWIFT_ACTIVE_COMPILATION_CONDITIONS = DEBUG;
				SWIFT_OPTIMIZATION_LEVEL = "-Onone";
			};
			name = Debug;
		};
		8CF4CF9728627CEA0000A5F6 /* Release */ = {
			isa = XCBuildConfiguration;
			buildSettings = {
				ALWAYS_SEARCH_USER_PATHS = NO;
				CLANG_ANALYZER_NONNULL = YES;
				CLANG_ANALYZER_NUMBER_OBJECT_CONVERSION = YES_AGGRESSIVE;
				CLANG_CXX_LANGUAGE_STANDARD = "gnu++17";
				CLANG_ENABLE_MODULES = YES;
				CLANG_ENABLE_OBJC_ARC = YES;
				CLANG_ENABLE_OBJC_WEAK = YES;
				CLANG_WARN_BLOCK_CAPTURE_AUTORELEASING = YES;
				CLANG_WARN_BOOL_CONVERSION = YES;
				CLANG_WARN_COMMA = YES;
				CLANG_WARN_CONSTANT_CONVERSION = YES;
				CLANG_WARN_DEPRECATED_OBJC_IMPLEMENTATIONS = YES;
				CLANG_WARN_DIRECT_OBJC_ISA_USAGE = YES_ERROR;
				CLANG_WARN_DOCUMENTATION_COMMENTS = YES;
				CLANG_WARN_EMPTY_BODY = YES;
				CLANG_WARN_ENUM_CONVERSION = YES;
				CLANG_WARN_INFINITE_RECURSION = YES;
				CLANG_WARN_INT_CONVERSION = YES;
				CLANG_WARN_NON_LITERAL_NULL_CONVERSION = YES;
				CLANG_WARN_OBJC_IMPLICIT_RETAIN_SELF = YES;
				CLANG_WARN_OBJC_LITERAL_CONVERSION = YES;
				CLANG_WARN_OBJC_ROOT_CLASS = YES_ERROR;
				CLANG_WARN_QUOTED_INCLUDE_IN_FRAMEWORK_HEADER = YES;
				CLANG_WARN_RANGE_LOOP_ANALYSIS = YES;
				CLANG_WARN_STRICT_PROTOTYPES = YES;
				CLANG_WARN_SUSPICIOUS_MOVE = YES;
				CLANG_WARN_UNGUARDED_AVAILABILITY = YES_AGGRESSIVE;
				CLANG_WARN_UNREACHABLE_CODE = YES;
				CLANG_WARN__DUPLICATE_METHOD_MATCH = YES;
				COPY_PHASE_STRIP = NO;
				DEBUG_INFORMATION_FORMAT = "dwarf-with-dsym";
				ENABLE_NS_ASSERTIONS = NO;
				ENABLE_STRICT_OBJC_MSGSEND = YES;
				GCC_C_LANGUAGE_STANDARD = gnu11;
				GCC_NO_COMMON_BLOCKS = YES;
				GCC_WARN_64_TO_32_BIT_CONVERSION = YES;
				GCC_WARN_ABOUT_RETURN_TYPE = YES_ERROR;
				GCC_WARN_UNDECLARED_SELECTOR = YES;
				GCC_WARN_UNINITIALIZED_AUTOS = YES_AGGRESSIVE;
				GCC_WARN_UNUSED_FUNCTION = YES;
				GCC_WARN_UNUSED_VARIABLE = YES;
				IPHONEOS_DEPLOYMENT_TARGET = 15.5;
				MTL_ENABLE_DEBUG_INFO = NO;
				MTL_FAST_MATH = YES;
				SDKROOT = iphoneos;
				SWIFT_COMPILATION_MODE = wholemodule;
				SWIFT_OPTIMIZATION_LEVEL = "-O";
				VALIDATE_PRODUCT = YES;
			};
			name = Release;
		};
		8CF4CF9928627CEA0000A5F6 /* Debug */ = {
			isa = XCBuildConfiguration;
			buildSettings = {
				ASSETCATALOG_COMPILER_APPICON_NAME = AppIcon;
				ASSETCATALOG_COMPILER_GLOBAL_ACCENT_COLOR_NAME = AccentColor;
				CODE_SIGN_STYLE = Automatic;
				CURRENT_PROJECT_VERSION = 1;
				DEVELOPMENT_ASSET_PATHS = "\"Devote/Preview Content\"";
				DEVELOPMENT_TEAM = 6PZ68H7653;
				ENABLE_PREVIEWS = YES;
				GENERATE_INFOPLIST_FILE = YES;
				INFOPLIST_FILE = Devote/Info.plist;
				INFOPLIST_KEY_UIApplicationSceneManifest_Generation = YES;
				INFOPLIST_KEY_UIApplicationSupportsIndirectInputEvents = YES;
				INFOPLIST_KEY_UISupportedInterfaceOrientations = UIInterfaceOrientationPortrait;
				INFOPLIST_KEY_UISupportedInterfaceOrientations_iPad = "UIInterfaceOrientationPortrait UIInterfaceOrientationPortraitUpsideDown UIInterfaceOrientationLandscapeLeft UIInterfaceOrientationLandscapeRight";
				INFOPLIST_KEY_UISupportedInterfaceOrientations_iPhone = "UIInterfaceOrientationPortrait UIInterfaceOrientationLandscapeLeft UIInterfaceOrientationLandscapeRight";
				LD_RUNPATH_SEARCH_PATHS = (
					"$(inherited)",
					"@executable_path/Frameworks",
				);
				MARKETING_VERSION = 1.0;
				PRODUCT_BUNDLE_IDENTIFIER = com.inerdgirl.Devote;
				PRODUCT_NAME = "$(TARGET_NAME)";
				SWIFT_EMIT_LOC_STRINGS = YES;
				SWIFT_VERSION = 5.0;
				TARGETED_DEVICE_FAMILY = "1,2";
			};
			name = Debug;
		};
		8CF4CF9A28627CEA0000A5F6 /* Release */ = {
			isa = XCBuildConfiguration;
			buildSettings = {
				ASSETCATALOG_COMPILER_APPICON_NAME = AppIcon;
				ASSETCATALOG_COMPILER_GLOBAL_ACCENT_COLOR_NAME = AccentColor;
				CODE_SIGN_STYLE = Automatic;
				CURRENT_PROJECT_VERSION = 1;
				DEVELOPMENT_ASSET_PATHS = "\"Devote/Preview Content\"";
				DEVELOPMENT_TEAM = 6PZ68H7653;
				ENABLE_PREVIEWS = YES;
				GENERATE_INFOPLIST_FILE = YES;
				INFOPLIST_FILE = Devote/Info.plist;
				INFOPLIST_KEY_UIApplicationSceneManifest_Generation = YES;
				INFOPLIST_KEY_UIApplicationSupportsIndirectInputEvents = YES;
				INFOPLIST_KEY_UISupportedInterfaceOrientations = UIInterfaceOrientationPortrait;
				INFOPLIST_KEY_UISupportedInterfaceOrientations_iPad = "UIInterfaceOrientationPortrait UIInterfaceOrientationPortraitUpsideDown UIInterfaceOrientationLandscapeLeft UIInterfaceOrientationLandscapeRight";
				INFOPLIST_KEY_UISupportedInterfaceOrientations_iPhone = "UIInterfaceOrientationPortrait UIInterfaceOrientationLandscapeLeft UIInterfaceOrientationLandscapeRight";
				LD_RUNPATH_SEARCH_PATHS = (
					"$(inherited)",
					"@executable_path/Frameworks",
				);
				MARKETING_VERSION = 1.0;
				PRODUCT_BUNDLE_IDENTIFIER = com.inerdgirl.Devote;
				PRODUCT_NAME = "$(TARGET_NAME)";
				SWIFT_EMIT_LOC_STRINGS = YES;
				SWIFT_VERSION = 5.0;
				TARGETED_DEVICE_FAMILY = "1,2";
			};
			name = Release;
		};
/* End XCBuildConfiguration section */

/* Begin XCConfigurationList section */
		8CF4CF8028627CE80000A5F6 /* Build configuration list for PBXProject "Devote" */ = {
			isa = XCConfigurationList;
			buildConfigurations = (
				8CF4CF9628627CEA0000A5F6 /* Debug */,
				8CF4CF9728627CEA0000A5F6 /* Release */,
			);
			defaultConfigurationIsVisible = 0;
			defaultConfigurationName = Release;
		};
		8CF4CF9828627CEA0000A5F6 /* Build configuration list for PBXNativeTarget "Devote" */ = {
			isa = XCConfigurationList;
			buildConfigurations = (
				8CF4CF9928627CEA0000A5F6 /* Debug */,
				8CF4CF9A28627CEA0000A5F6 /* Release */,
			);
			defaultConfigurationIsVisible = 0;
			defaultConfigurationName = Release;
		};
/* End XCConfigurationList section */

/* Begin XCVersionGroup section */
		8CF4CF9328627CEA0000A5F6 /* Devote.xcdatamodeld */ = {
			isa = XCVersionGroup;
			children = (
				8CF4CF9428627CEA0000A5F6 /* Devote.xcdatamodel */,
			);
			currentVersion = 8CF4CF9428627CEA0000A5F6 /* Devote.xcdatamodel */;
			path = Devote.xcdatamodeld;
			sourceTree = "<group>";
			versionGroupType = wrapper.xcdatamodel;
		};
/* End XCVersionGroup section */
	};
	rootObject = 8CF4CF7D28627CE80000A5F6 /* Project object */;
}
